// !$*UTF8*$!
{
	archiveVersion = 1;
	classes = {
	};
	objectVersion = 46;
	objects = {

/* Begin PBXBuildFile section */
		080AD67F1DAF3565004E1FCB /* ShowViewController.m in Sources */ = {isa = PBXBuildFile; fileRef = 080AD67E1DAF3565004E1FCB /* ShowViewController.m */; };
		08F59BCF1D7DA5B7006DFF94 /* main.m in Sources */ = {isa = PBXBuildFile; fileRef = 08F59BCE1D7DA5B7006DFF94 /* main.m */; };
		08F59BD21D7DA5B7006DFF94 /* AppDelegate.m in Sources */ = {isa = PBXBuildFile; fileRef = 08F59BD11D7DA5B7006DFF94 /* AppDelegate.m */; };
		08F59BD51D7DA5B7006DFF94 /* ViewController.m in Sources */ = {isa = PBXBuildFile; fileRef = 08F59BD41D7DA5B7006DFF94 /* ViewController.m */; };
		08F59BD81D7DA5B7006DFF94 /* Main.storyboard in Resources */ = {isa = PBXBuildFile; fileRef = 08F59BD61D7DA5B7006DFF94 /* Main.storyboard */; };
		08F59BDA1D7DA5B7006DFF94 /* Assets.xcassets in Resources */ = {isa = PBXBuildFile; fileRef = 08F59BD91D7DA5B7006DFF94 /* Assets.xcassets */; };
		08F59BDD1D7DA5B7006DFF94 /* LaunchScreen.storyboard in Resources */ = {isa = PBXBuildFile; fileRef = 08F59BDB1D7DA5B7006DFF94 /* LaunchScreen.storyboard */; };
		08F59BE81D7DA5B7006DFF94 /* RACLittleDemoTests.m in Sources */ = {isa = PBXBuildFile; fileRef = 08F59BE71D7DA5B7006DFF94 /* RACLittleDemoTests.m */; };
		08F59BF31D7DA5B7006DFF94 /* RACLittleDemoUITests.m in Sources */ = {isa = PBXBuildFile; fileRef = 08F59BF21D7DA5B7006DFF94 /* RACLittleDemoUITests.m */; };
		B1B638E8BD6A412672232B12 /* libPods-RACLittleDemo.a in Frameworks */ = {isa = PBXBuildFile; fileRef = BFFEE9C893146A8836D15237 /* libPods-RACLittleDemo.a */; };
/* End PBXBuildFile section */

/* Begin PBXContainerItemProxy section */
		08F59BE41D7DA5B7006DFF94 /* PBXContainerItemProxy */ = {
			isa = PBXContainerItemProxy;
			containerPortal = 08F59BC21D7DA5B7006DFF94 /* Project object */;
			proxyType = 1;
			remoteGlobalIDString = 08F59BC91D7DA5B7006DFF94;
			remoteInfo = RACLittleDemo;
		};
		08F59BEF1D7DA5B7006DFF94 /* PBXContainerItemProxy */ = {
			isa = PBXContainerItemProxy;
			containerPortal = 08F59BC21D7DA5B7006DFF94 /* Project object */;
			proxyType = 1;
			remoteGlobalIDString = 08F59BC91D7DA5B7006DFF94;
			remoteInfo = RACLittleDemo;
		};
/* End PBXContainerItemProxy section */

/* Begin PBXFileReference section */
		080AD67D1DAF3565004E1FCB /* ShowViewController.h */ = {isa = PBXFileReference; fileEncoding = 4; lastKnownFileType = sourcecode.c.h; path = ShowViewController.h; sourceTree = "<group>"; };
		080AD67E1DAF3565004E1FCB /* ShowViewController.m */ = {isa = PBXFileReference; fileEncoding = 4; lastKnownFileType = sourcecode.c.objc; path = ShowViewController.m; sourceTree = "<group>"; };
		08F59BCA1D7DA5B7006DFF94 /* RACLittleDemo.app */ = {isa = PBXFileReference; explicitFileType = wrapper.application; includeInIndex = 0; path = RACLittleDemo.app; sourceTree = BUILT_PRODUCTS_DIR; };
		08F59BCE1D7DA5B7006DFF94 /* main.m */ = {isa = PBXFileReference; lastKnownFileType = sourcecode.c.objc; path = main.m; sourceTree = "<group>"; };
		08F59BD01D7DA5B7006DFF94 /* AppDelegate.h */ = {isa = PBXFileReference; lastKnownFileType = sourcecode.c.h; path = AppDelegate.h; sourceTree = "<group>"; };
		08F59BD11D7DA5B7006DFF94 /* AppDelegate.m */ = {isa = PBXFileReference; lastKnownFileType = sourcecode.c.objc; path = AppDelegate.m; sourceTree = "<group>"; };
		08F59BD31D7DA5B7006DFF94 /* ViewController.h */ = {isa = PBXFileReference; lastKnownFileType = sourcecode.c.h; path = ViewController.h; sourceTree = "<group>"; };
		08F59BD41D7DA5B7006DFF94 /* ViewController.m */ = {isa = PBXFileReference; lastKnownFileType = sourcecode.c.objc; path = ViewController.m; sourceTree = "<group>"; };
		08F59BD71D7DA5B7006DFF94 /* Base */ = {isa = PBXFileReference; lastKnownFileType = file.storyboard; name = Base; path = Base.lproj/Main.storyboard; sourceTree = "<group>"; };
		08F59BD91D7DA5B7006DFF94 /* Assets.xcassets */ = {isa = PBXFileReference; lastKnownFileType = folder.assetcatalog; path = Assets.xcassets; sourceTree = "<group>"; };
		08F59BDC1D7DA5B7006DFF94 /* Base */ = {isa = PBXFileReference; lastKnownFileType = file.storyboard; name = Base; path = Base.lproj/LaunchScreen.storyboard; sourceTree = "<group>"; };
		08F59BDE1D7DA5B7006DFF94 /* Info.plist */ = {isa = PBXFileReference; lastKnownFileType = text.plist.xml; path = Info.plist; sourceTree = "<group>"; };
		08F59BE31D7DA5B7006DFF94 /* RACLittleDemoTests.xctest */ = {isa = PBXFileReference; explicitFileType = wrapper.cfbundle; includeInIndex = 0; path = RACLittleDemoTests.xctest; sourceTree = BUILT_PRODUCTS_DIR; };
		08F59BE71D7DA5B7006DFF94 /* RACLittleDemoTests.m */ = {isa = PBXFileReference; lastKnownFileType = sourcecode.c.objc; path = RACLittleDemoTests.m; sourceTree = "<group>"; };
		08F59BE91D7DA5B7006DFF94 /* Info.plist */ = {isa = PBXFileReference; lastKnownFileType = text.plist.xml; path = Info.plist; sourceTree = "<group>"; };
		08F59BEE1D7DA5B7006DFF94 /* RACLittleDemoUITests.xctest */ = {isa = PBXFileReference; explicitFileType = wrapper.cfbundle; includeInIndex = 0; path = RACLittleDemoUITests.xctest; sourceTree = BUILT_PRODUCTS_DIR; };
		08F59BF21D7DA5B7006DFF94 /* RACLittleDemoUITests.m */ = {isa = PBXFileReference; lastKnownFileType = sourcecode.c.objc; path = RACLittleDemoUITests.m; sourceTree = "<group>"; };
		08F59BF41D7DA5B7006DFF94 /* Info.plist */ = {isa = PBXFileReference; lastKnownFileType = text.plist.xml; path = Info.plist; sourceTree = "<group>"; };
		7D53059C05D37851E32B9C21 /* Pods-RACLittleDemo.debug.xcconfig */ = {isa = PBXFileReference; includeInIndex = 1; lastKnownFileType = text.xcconfig; name = "Pods-RACLittleDemo.debug.xcconfig"; path = "Pods/Target Support Files/Pods-RACLittleDemo/Pods-RACLittleDemo.debug.xcconfig"; sourceTree = "<group>"; };
		BFFEE9C893146A8836D15237 /* libPods-RACLittleDemo.a */ = {isa = PBXFileReference; explicitFileType = archive.ar; includeInIndex = 0; path = "libPods-RACLittleDemo.a"; sourceTree = BUILT_PRODUCTS_DIR; };
		C5A466F7592A4F10C30D22F1 /* Pods-RACLittleDemo.release.xcconfig */ = {isa = PBXFileReference; includeInIndex = 1; lastKnownFileType = text.xcconfig; name = "Pods-RACLittleDemo.release.xcconfig"; path = "Pods/Target Support Files/Pods-RACLittleDemo/Pods-RACLittleDemo.release.xcconfig"; sourceTree = "<group>"; };
/* End PBXFileReference section */

/* Begin PBXFrameworksBuildPhase section */
		08F59BC71D7DA5B7006DFF94 /* Frameworks */ = {
			isa = PBXFrameworksBuildPhase;
			buildActionMask = 2147483647;
			files = (
				B1B638E8BD6A412672232B12 /* libPods-RACLittleDemo.a in Frameworks */,
			);
			runOnlyForDeploymentPostprocessing = 0;
		};
		08F59BE01D7DA5B7006DFF94 /* Frameworks */ = {
			isa = PBXFrameworksBuildPhase;
			buildActionMask = 2147483647;
			files = (
			);
			runOnlyForDeploymentPostprocessing = 0;
		};
		08F59BEB1D7DA5B7006DFF94 /* Frameworks */ = {
			isa = PBXFrameworksBuildPhase;
			buildActionMask = 2147483647;
			files = (
			);
			runOnlyForDeploymentPostprocessing = 0;
		};
/* End PBXFrameworksBuildPhase section */

/* Begin PBXGroup section */
		06F0A472599C2ABD32D44FC0 /* Frameworks */ = {
			isa = PBXGroup;
			children = (
				BFFEE9C893146A8836D15237 /* libPods-RACLittleDemo.a */,
			);
			name = Frameworks;
			sourceTree = "<group>";
		};
		08F59BC11D7DA5B7006DFF94 = {
			isa = PBXGroup;
			children = (
				08F59BCC1D7DA5B7006DFF94 /* RACLittleDemo */,
				08F59BE61D7DA5B7006DFF94 /* RACLittleDemoTests */,
				08F59BF11D7DA5B7006DFF94 /* RACLittleDemoUITests */,
				08F59BCB1D7DA5B7006DFF94 /* Products */,
				A828AB46798FA31F2AB23D05 /* Pods */,
				06F0A472599C2ABD32D44FC0 /* Frameworks */,
			);
			sourceTree = "<group>";
		};
		08F59BCB1D7DA5B7006DFF94 /* Products */ = {
			isa = PBXGroup;
			children = (
				08F59BCA1D7DA5B7006DFF94 /* RACLittleDemo.app */,
				08F59BE31D7DA5B7006DFF94 /* RACLittleDemoTests.xctest */,
				08F59BEE1D7DA5B7006DFF94 /* RACLittleDemoUITests.xctest */,
			);
			name = Products;
			sourceTree = "<group>";
		};
		08F59BCC1D7DA5B7006DFF94 /* RACLittleDemo */ = {
			isa = PBXGroup;
			children = (
				08F59BD01D7DA5B7006DFF94 /* AppDelegate.h */,
				08F59BD11D7DA5B7006DFF94 /* AppDelegate.m */,
				08F59BD31D7DA5B7006DFF94 /* ViewController.h */,
				08F59BD41D7DA5B7006DFF94 /* ViewController.m */,
				080AD67D1DAF3565004E1FCB /* ShowViewController.h */,
				080AD67E1DAF3565004E1FCB /* ShowViewController.m */,
				08F59BD61D7DA5B7006DFF94 /* Main.storyboard */,
				08F59BD91D7DA5B7006DFF94 /* Assets.xcassets */,
				08F59BDB1D7DA5B7006DFF94 /* LaunchScreen.storyboard */,
				08F59BDE1D7DA5B7006DFF94 /* Info.plist */,
				08F59BCD1D7DA5B7006DFF94 /* Supporting Files */,
			);
			path = RACLittleDemo;
			sourceTree = "<group>";
		};
		08F59BCD1D7DA5B7006DFF94 /* Supporting Files */ = {
			isa = PBXGroup;
			children = (
				08F59BCE1D7DA5B7006DFF94 /* main.m */,
			);
			name = "Supporting Files";
			sourceTree = "<group>";
		};
		08F59BE61D7DA5B7006DFF94 /* RACLittleDemoTests */ = {
			isa = PBXGroup;
			children = (
				08F59BE71D7DA5B7006DFF94 /* RACLittleDemoTests.m */,
				08F59BE91D7DA5B7006DFF94 /* Info.plist */,
			);
			path = RACLittleDemoTests;
			sourceTree = "<group>";
		};
		08F59BF11D7DA5B7006DFF94 /* RACLittleDemoUITests */ = {
			isa = PBXGroup;
			children = (
				08F59BF21D7DA5B7006DFF94 /* RACLittleDemoUITests.m */,
				08F59BF41D7DA5B7006DFF94 /* Info.plist */,
			);
			path = RACLittleDemoUITests;
			sourceTree = "<group>";
		};
		A828AB46798FA31F2AB23D05 /* Pods */ = {
			isa = PBXGroup;
			children = (
				7D53059C05D37851E32B9C21 /* Pods-RACLittleDemo.debug.xcconfig */,
				C5A466F7592A4F10C30D22F1 /* Pods-RACLittleDemo.release.xcconfig */,
			);
			name = Pods;
			sourceTree = "<group>";
		};
/* End PBXGroup section */

/* Begin PBXNativeTarget section */
		08F59BC91D7DA5B7006DFF94 /* RACLittleDemo */ = {
			isa = PBXNativeTarget;
			buildConfigurationList = 08F59BF71D7DA5B7006DFF94 /* Build configuration list for PBXNativeTarget "RACLittleDemo" */;
			buildPhases = (
				A3CCEB1942FC292FEE133B68 /* [CP] Check Pods Manifest.lock */,
				08F59BC61D7DA5B7006DFF94 /* Sources */,
				08F59BC71D7DA5B7006DFF94 /* Frameworks */,
				08F59BC81D7DA5B7006DFF94 /* Resources */,
				EEFE84BFDEE3BC1B38B6FA0A /* [CP] Embed Pods Frameworks */,
				A6608ECA892A43496167E5AF /* [CP] Copy Pods Resources */,
			);
			buildRules = (
			);
			dependencies = (
			);
			name = RACLittleDemo;
			productName = RACLittleDemo;
			productReference = 08F59BCA1D7DA5B7006DFF94 /* RACLittleDemo.app */;
			productType = "com.apple.product-type.application";
		};
		08F59BE21D7DA5B7006DFF94 /* RACLittleDemoTests */ = {
			isa = PBXNativeTarget;
			buildConfigurationList = 08F59BFA1D7DA5B7006DFF94 /* Build configuration list for PBXNativeTarget "RACLittleDemoTests" */;
			buildPhases = (
				08F59BDF1D7DA5B7006DFF94 /* Sources */,
				08F59BE01D7DA5B7006DFF94 /* Frameworks */,
				08F59BE11D7DA5B7006DFF94 /* Resources */,
			);
			buildRules = (
			);
			dependencies = (
				08F59BE51D7DA5B7006DFF94 /* PBXTargetDependency */,
			);
			name = RACLittleDemoTests;
			productName = RACLittleDemoTests;
			productReference = 08F59BE31D7DA5B7006DFF94 /* RACLittleDemoTests.xctest */;
			productType = "com.apple.product-type.bundle.unit-test";
		};
		08F59BED1D7DA5B7006DFF94 /* RACLittleDemoUITests */ = {
			isa = PBXNativeTarget;
			buildConfigurationList = 08F59BFD1D7DA5B7006DFF94 /* Build configuration list for PBXNativeTarget "RACLittleDemoUITests" */;
			buildPhases = (
				08F59BEA1D7DA5B7006DFF94 /* Sources */,
				08F59BEB1D7DA5B7006DFF94 /* Frameworks */,
				08F59BEC1D7DA5B7006DFF94 /* Resources */,
			);
			buildRules = (
			);
			dependencies = (
				08F59BF01D7DA5B7006DFF94 /* PBXTargetDependency */,
			);
			name = RACLittleDemoUITests;
			productName = RACLittleDemoUITests;
			productReference = 08F59BEE1D7DA5B7006DFF94 /* RACLittleDemoUITests.xctest */;
			productType = "com.apple.product-type.bundle.ui-testing";
		};
/* End PBXNativeTarget section */

/* Begin PBXProject section */
		08F59BC21D7DA5B7006DFF94 /* Project object */ = {
			isa = PBXProject;
			attributes = {
				LastUpgradeCheck = 0730;
				ORGANIZATIONNAME = "铁哥哥";
				TargetAttributes = {
					08F59BC91D7DA5B7006DFF94 = {
						CreatedOnToolsVersion = 7.3.1;
					};
					08F59BE21D7DA5B7006DFF94 = {
						CreatedOnToolsVersion = 7.3.1;
						TestTargetID = 08F59BC91D7DA5B7006DFF94;
					};
					08F59BED1D7DA5B7006DFF94 = {
						CreatedOnToolsVersion = 7.3.1;
						TestTargetID = 08F59BC91D7DA5B7006DFF94;
					};
				};
			};
			buildConfigurationList = 08F59BC51D7DA5B7006DFF94 /* Build configuration list for PBXProject "RACLittleDemo" */;
			compatibilityVersion = "Xcode 3.2";
			developmentRegion = English;
			hasScannedForEncodings = 0;
			knownRegions = (
				en,
				Base,
			);
			mainGroup = 08F59BC11D7DA5B7006DFF94;
			productRefGroup = 08F59BCB1D7DA5B7006DFF94 /* Products */;
			projectDirPath = "";
			projectRoot = "";
			targets = (
				08F59BC91D7DA5B7006DFF94 /* RACLittleDemo */,
				08F59BE21D7DA5B7006DFF94 /* RACLittleDemoTests */,
				08F59BED1D7DA5B7006DFF94 /* RACLittleDemoUITests */,
			);
		};
/* End PBXProject section */

/* Begin PBXResourcesBuildPhase section */
		08F59BC81D7DA5B7006DFF94 /* Resources */ = {
			isa = PBXResourcesBuildPhase;
			buildActionMask = 2147483647;
			files = (
				08F59BDD1D7DA5B7006DFF94 /* LaunchScreen.storyboard in Resources */,
				08F59BDA1D7DA5B7006DFF94 /* Assets.xcassets in Resources */,
				08F59BD81D7DA5B7006DFF94 /* Main.storyboard in Resources */,
			);
			runOnlyForDeploymentPostprocessing = 0;
		};
		08F59BE11D7DA5B7006DFF94 /* Resources */ = {
			isa = PBXResourcesBuildPhase;
			buildActionMask = 2147483647;
			files = (
			);
			runOnlyForDeploymentPostprocessing = 0;
		};
		08F59BEC1D7DA5B7006DFF94 /* Resources */ = {
			isa = PBXResourcesBuildPhase;
			buildActionMask = 2147483647;
			files = (
			);
			runOnlyForDeploymentPostprocessing = 0;
		};
/* End PBXResourcesBuildPhase section */

/* Begin PBXShellScriptBuildPhase section */
		A3CCEB1942FC292FEE133B68 /* [CP] Check Pods Manifest.lock */ = {
			isa = PBXShellScriptBuildPhase;
			buildActionMask = 2147483647;
			files = (
			);
			inputPaths = (
			);
			name = "[CP] Check Pods Manifest.lock";
			outputPaths = (
			);
			runOnlyForDeploymentPostprocessing = 0;
			shellPath = /bin/sh;
			shellScript = "diff \"${PODS_ROOT}/../Podfile.lock\" \"${PODS_ROOT}/Manifest.lock\" > /dev/null\nif [[ $? != 0 ]] ; then\n    cat << EOM\nerror: The sandbox is not in sync with the Podfile.lock. Run 'pod install' or update your CocoaPods installation.\nEOM\n    exit 1\nfi\n";
			showEnvVarsInLog = 0;
		};
		A6608ECA892A43496167E5AF /* [CP] Copy Pods Resources */ = {
			isa = PBXShellScriptBuildPhase;
			buildActionMask = 2147483647;
			files = (
			);
			inputPaths = (
			);
			name = "[CP] Copy Pods Resources";
			outputPaths = (
			);
			runOnlyForDeploymentPostprocessing = 0;
			shellPath = /bin/sh;
			shellScript = "\"${SRCROOT}/Pods/Target Support Files/Pods-RACLittleDemo/Pods-RACLittleDemo-resources.sh\"\n";
			showEnvVarsInLog = 0;
		};
		EEFE84BFDEE3BC1B38B6FA0A /* [CP] Embed Pods Frameworks */ = {
			isa = PBXShellScriptBuildPhase;
			buildActionMask = 2147483647;
			files = (
			);
			inputPaths = (
			);
			name = "[CP] Embed Pods Frameworks";
			outputPaths = (
			);
			runOnlyForDeploymentPostprocessing = 0;
			shellPath = /bin/sh;
			shellScript = "\"${SRCROOT}/Pods/Target Support Files/Pods-RACLittleDemo/Pods-RACLittleDemo-frameworks.sh\"\n";
			showEnvVarsInLog = 0;
		};
/* End PBXShellScriptBuildPhase section */

/* Begin PBXSourcesBuildPhase section */
		08F59BC61D7DA5B7006DFF94 /* Sources */ = {
			isa = PBXSourcesBuildPhase;
			buildActionMask = 2147483647;
			files = (
				08F59BD51D7DA5B7006DFF94 /* ViewController.m in Sources */,
				08F59BD21D7DA5B7006DFF94 /* AppDelegate.m in Sources */,
				08F59BCF1D7DA5B7006DFF94 /* main.m in Sources */,
				080AD67F1DAF3565004E1FCB /* ShowViewController.m in Sources */,
			);
			runOnlyForDeploymentPostprocessing = 0;
		};
		08F59BDF1D7DA5B7006DFF94 /* Sources */ = {
			isa = PBXSourcesBuildPhase;
			buildActionMask = 2147483647;
			files = (
				08F59BE81D7DA5B7006DFF94 /* RACLittleDemoTests.m in Sources */,
			);
			runOnlyForDeploymentPostprocessing = 0;
		};
		08F59BEA1D7DA5B7006DFF94 /* Sources */ = {
			isa = PBXSourcesBuildPhase;
			buildActionMask = 2147483647;
			files = (
				08F59BF31D7DA5B7006DFF94 /* RACLittleDemoUITests.m in Sources */,
			);
			runOnlyForDeploymentPostprocessing = 0;
		};
/* End PBXSourcesBuildPhase section */

/* Begin PBXTargetDependency section */
		08F59BE51D7DA5B7006DFF94 /* PBXTargetDependency */ = {
			isa = PBXTargetDependency;
			target = 08F59BC91D7DA5B7006DFF94 /* RACLittleDemo */;
			targetProxy = 08F59BE41D7DA5B7006DFF94 /* PBXContainerItemProxy */;
		};
		08F59BF01D7DA5B7006DFF94 /* PBXTargetDependency */ = {
			isa = PBXTargetDependency;
			target = 08F59BC91D7DA5B7006DFF94 /* RACLittleDemo */;
			targetProxy = 08F59BEF1D7DA5B7006DFF94 /* PBXContainerItemProxy */;
		};
/* End PBXTargetDependency section */

/* Begin PBXVariantGroup section */
		08F59BD61D7DA5B7006DFF94 /* Main.storyboard */ = {
			isa = PBXVariantGroup;
			children = (
				08F59BD71D7DA5B7006DFF94 /* Base */,
			);
			name = Main.storyboard;
			sourceTree = "<group>";
		};
		08F59BDB1D7DA5B7006DFF94 /* LaunchScreen.storyboard */ = {
			isa = PBXVariantGroup;
			children = (
				08F59BDC1D7DA5B7006DFF94 /* Base */,
			);
			name = LaunchScreen.storyboard;
			sourceTree = "<group>";
		};
/* End PBXVariantGroup section */

/* Begin XCBuildConfiguration section */
		08F59BF51D7DA5B7006DFF94 /* Debug */ = {
			isa = XCBuildConfiguration;
			buildSettings = {
				ALWAYS_SEARCH_USER_PATHS = NO;
				CLANG_ANALYZER_NONNULL = YES;
				CLANG_CXX_LANGUAGE_STANDARD = "gnu++0x";
				CLANG_CXX_LIBRARY = "libc++";
				CLANG_ENABLE_MODULES = YES;
				CLANG_ENABLE_OBJC_ARC = YES;
				CLANG_WARN_BOOL_CONVERSION = YES;
				CLANG_WARN_CONSTANT_CONVERSION = YES;
				CLANG_WARN_DIRECT_OBJC_ISA_USAGE = YES_ERROR;
				CLANG_WARN_EMPTY_BODY = YES;
				CLANG_WARN_ENUM_CONVERSION = YES;
				CLANG_WARN_INT_CONVERSION = YES;
				CLANG_WARN_OBJC_ROOT_CLASS = YES_ERROR;
				CLANG_WARN_UNREACHABLE_CODE = YES;
				CLANG_WARN__DUPLICATE_METHOD_MATCH = YES;
				"CODE_SIGN_IDENTITY[sdk=iphoneos*]" = "iPhone Developer";
				COPY_PHASE_STRIP = NO;
				DEBUG_INFORMATION_FORMAT = dwarf;
				ENABLE_STRICT_OBJC_MSGSEND = YES;
				ENABLE_TESTABILITY = YES;
				GCC_C_LANGUAGE_STANDARD = gnu99;
				GCC_DYNAMIC_NO_PIC = NO;
				GCC_NO_COMMON_BLOCKS = YES;
				GCC_OPTIMIZATION_LEVEL = 0;
				GCC_PREPROCESSOR_DEFINITIONS = (
					"DEBUG=1",
					"$(inherited)",
				);
				GCC_WARN_64_TO_32_BIT_CONVERSION = YES;
				GCC_WARN_ABOUT_RETURN_TYPE = YES_ERROR;
				GCC_WARN_UNDECLARED_SELECTOR = YES;
				GCC_WARN_UNINITIALIZED_AUTOS = YES_AGGRESSIVE;
				GCC_WARN_UNUSED_FUNCTION = YES;
				GCC_WARN_UNUSED_VARIABLE = YES;
				IPHONEOS_DEPLOYMENT_TARGET = 9.3;
				MTL_ENABLE_DEBUG_INFO = YES;
				ONLY_ACTIVE_ARCH = YES;
				SDKROOT = iphoneos;
				TARGETED_DEVICE_FAMILY = "1,2";
			};
			name = Debug;
		};
		08F59BF61D7DA5B7006DFF94 /* Release */ = {
			isa = XCBuildConfiguration;
			buildSettings = {
				ALWAYS_SEARCH_USER_PATHS = NO;
				CLANG_ANALYZER_NONNULL = YES;
				CLANG_CXX_LANGUAGE_STANDARD = "gnu++0x";
				CLANG_CXX_LIBRARY = "libc++";
				CLANG_ENABLE_MODULES = YES;
				CLANG_ENABLE_OBJC_ARC = YES;
				CLANG_WARN_BOOL_CONVERSION = YES;
				CLANG_WARN_CONSTANT_CONVERSION = YES;
				CLANG_WARN_DIRECT_OBJC_ISA_USAGE = YES_ERROR;
				CLANG_WARN_EMPTY_BODY = YES;
				CLANG_WARN_ENUM_CONVERSION = YES;
				CLANG_WARN_INT_CONVERSION = YES;
				CLANG_WARN_OBJC_ROOT_CLASS = YES_ERROR;
				CLANG_WARN_UNREACHABLE_CODE = YES;
				CLANG_WARN__DUPLICATE_METHOD_MATCH = YES;
				"CODE_SIGN_IDENTITY[sdk=iphoneos*]" = "iPhone Developer";
				COPY_PHASE_STRIP = NO;
				DEBUG_INFORMATION_FORMAT = "dwarf-with-dsym";
				ENABLE_NS_ASSERTIONS = NO;
				ENABLE_STRICT_OBJC_MSGSEND = YES;
				GCC_C_LANGUAGE_STANDARD = gnu99;
				GCC_NO_COMMON_BLOCKS = YES;
				GCC_WARN_64_TO_32_BIT_CONVERSION = YES;
				GCC_WARN_ABOUT_RETURN_TYPE = YES_ERROR;
				GCC_WARN_UNDECLARED_SELECTOR = YES;
				GCC_WARN_UNINITIALIZED_AUTOS = YES_AGGRESSIVE;
				GCC_WARN_UNUSED_FUNCTION = YES;
				GCC_WARN_UNUSED_VARIABLE = YES;
				IPHONEOS_DEPLOYMENT_TARGET = 9.3;
				MTL_ENABLE_DEBUG_INFO = NO;
				SDKROOT = iphoneos;
				TARGETED_DEVICE_FAMILY = "1,2";
				VALIDATE_PRODUCT = YES;
			};
			name = Release;
		};
		08F59BF81D7DA5B7006DFF94 /* Debug */ = {
			isa = XCBuildConfiguration;
			baseConfigurationReference = 7D53059C05D37851E32B9C21 /* Pods-RACLittleDemo.debug.xcconfig */;
			buildSettings = {
				ASSETCATALOG_COMPILER_APPICON_NAME = AppIcon;
				INFOPLIST_FILE = RACLittleDemo/Info.plist;
				LD_RUNPATH_SEARCH_PATHS = "$(inherited) @executable_path/Frameworks";
				PRODUCT_BUNDLE_IDENTIFIER = com.tiequantech.RACLittleDemo;
				PRODUCT_NAME = "$(TARGET_NAME)";
				USER_HEADER_SEARCH_PATHS = "${SRCROOT}/**";
			};
			name = Debug;
		};
		08F59BF91D7DA5B7006DFF94 /* Release */ = {
			isa = XCBuildConfiguration;
			baseConfigurationReference = C5A466F7592A4F10C30D22F1 /* Pods-RACLittleDemo.release.xcconfig */;
			buildSettings = {
				ASSETCATALOG_COMPILER_APPICON_NAME = AppIcon;
				INFOPLIST_FILE = RACLittleDemo/Info.plist;
				LD_RUNPATH_SEARCH_PATHS = "$(inherited) @executable_path/Frameworks";
				PRODUCT_BUNDLE_IDENTIFIER = com.tiequantech.RACLittleDemo;
				PRODUCT_NAME = "$(TARGET_NAME)";
				USER_HEADER_SEARCH_PATHS = "${SRCROOT}/**";
			};
			name = Release;
		};
		08F59BFB1D7DA5B7006DFF94 /* Debug */ = {
			isa = XCBuildConfiguration;
			buildSettings = {
				BUNDLE_LOADER = "$(TEST_HOST)";
				INFOPLIST_FILE = RACLittleDemoTests/Info.plist;
				LD_RUNPATH_SEARCH_PATHS = "$(inherited) @executable_path/Frameworks @loader_path/Frameworks";
				PRODUCT_BUNDLE_IDENTIFIER = com.tiequantech.RACLittleDemoTests;
				PRODUCT_NAME = "$(TARGET_NAME)";
				TEST_HOST = "$(BUILT_PRODUCTS_DIR)/RACLittleDemo.app/RACLittleDemo";
			};
			name = Debug;
		};
		08F59BFC1D7DA5B7006DFF94 /* Release */ = {
			isa = XCBuildConfiguration;
			buildSettings = {
				BUNDLE_LOADER = "$(TEST_HOST)";
				INFOPLIST_FILE = RACLittleDemoTests/Info.plist;
				LD_RUNPATH_SEARCH_PATHS = "$(inherited) @executable_path/Frameworks @loader_path/Frameworks";
				PRODUCT_BUNDLE_IDENTIFIER = com.tiequantech.RACLittleDemoTests;
				PRODUCT_NAME = "$(TARGET_NAME)";
				TEST_HOST = "$(BUILT_PRODUCTS_DIR)/RACLittleDemo.app/RACLittleDemo";
			};
			name = Release;
		};
		08F59BFE1D7DA5B7006DFF94 /* Debug */ = {
			isa = XCBuildConfiguration;
			buildSettings = {
				INFOPLIST_FILE = RACLittleDemoUITests/Info.plist;
				LD_RUNPATH_SEARCH_PATHS = "$(inherited) @executable_path/Frameworks @loader_path/Frameworks";
				PRODUCT_BUNDLE_IDENTIFIER = com.tiequantech.RACLittleDemoUITests;
				PRODUCT_NAME = "$(TARGET_NAME)";
				TEST_TARGET_NAME = RACLittleDemo;
			};
			name = Debug;
		};
		08F59BFF1D7DA5B7006DFF94 /* Release */ = {
			isa = XCBuildConfiguration;
			buildSettings = {
				INFOPLIST_FILE = RACLittleDemoUITests/Info.plist;
				LD_RUNPATH_SEARCH_PATHS = "$(inherited) @executable_path/Frameworks @loader_path/Frameworks";
				PRODUCT_BUNDLE_IDENTIFIER = com.tiequantech.RACLittleDemoUITests;
				PRODUCT_NAME = "$(TARGET_NAME)";
				TEST_TARGET_NAME = RACLittleDemo;
			};
			name = Release;
		};
/* End XCBuildConfiguration section */

/* Begin XCConfigurationList section */
		08F59BC51D7DA5B7006DFF94 /* Build configuration list for PBXProject "RACLittleDemo" */ = {
			isa = XCConfigurationList;
			buildConfigurations = (
				08F59BF51D7DA5B7006DFF94 /* Debug */,
				08F59BF61D7DA5B7006DFF94 /* Release */,
			);
			defaultConfigurationIsVisible = 0;
			defaultConfigurationName = Release;
		};
		08F59BF71D7DA5B7006DFF94 /* Build configuration list for PBXNativeTarget "RACLittleDemo" */ = {
			isa = XCConfigurationList;
			buildConfigurations = (
				08F59BF81D7DA5B7006DFF94 /* Debug */,
				08F59BF91D7DA5B7006DFF94 /* Release */,
			);
			defaultConfigurationIsVisible = 0;
			defaultConfigurationName = Release;
		};
		08F59BFA1D7DA5B7006DFF94 /* Build configuration list for PBXNativeTarget "RACLittleDemoTests" */ = {
			isa = XCConfigurationList;
			buildConfigurations = (
				08F59BFB1D7DA5B7006DFF94 /* Debug */,
				08F59BFC1D7DA5B7006DFF94 /* Release */,
			);
			defaultConfigurationIsVisible = 0;
			defaultConfigurationName = Release;
		};
		08F59BFD1D7DA5B7006DFF94 /* Build configuration list for PBXNativeTarget "RACLittleDemoUITests" */ = {
			isa = XCConfigurationList;
			buildConfigurations = (
				08F59BFE1D7DA5B7006DFF94 /* Debug */,
				08F59BFF1D7DA5B7006DFF94 /* Release */,
			);
			defaultConfigurationIsVisible = 0;
			defaultConfigurationName = Release;
		};
/* End XCConfigurationList section */
	};
	rootObject = 08F59BC21D7DA5B7006DFF94 /* Project object */;
}
